
Microsoft Visual Studio Solution File, Format Version 12.00
# Visual Studio Version 17
VisualStudioVersion = 17.4.33213.308
MinimumVisualStudioVersion = 10.0.40219.1
Project("{888888A0-9F3D-457C-B088-3A5042F75D52}") = "SinCosTan", "SinCosTan.pyproj", "{D8B91FE7-2AA6-4E0B-8833-575B1AA09AAF}"
EndProject
Global
	GlobalSection(SolutionConfigurationPlatforms) = preSolution
		Debug|Any CPU = Debug|Any CPU
		Release|Any CPU = Release|Any CPU
	EndGlobalSection
	GlobalSection(ProjectConfigurationPlatforms) = postSolution
		{D8B91FE7-2AA6-4E0B-8833-575B1AA09AAF}.Debug|Any CPU.ActiveCfg = Debug|Any CPU
		{D8B91FE7-2AA6-4E0B-8833-575B1AA09AAF}.Release|Any CPU.ActiveCfg = Release|Any CPU
	EndGlobalSection
	GlobalSection(SolutionProperties) = preSolution
		HideSolutionNode = FALSE
	EndGlobalSection
	GlobalSection(ExtensibilityGlobals) = postSolution
		SolutionGuid = {03179A84-F8E1-416F-B5B4-CF90A138924C}
	EndGlobalSection
EndGlobal
